
Microsoft Visual Studio Solution File, Format Version 12.00
# Visual Studio Version 16
VisualStudioVersion = 16.0.31313.79
MinimumVisualStudioVersion = 10.0.40219.1
Project("{FAE04EC0-301F-11D3-BF4B-00C04F79EFBC}") = "HispaniaCommon.DataAccess", "HispaniaCommon\HispaniaCommon.DataAccess\HispaniaCommon.DataAccess.csproj", "{219BD4C4-DCDA-4760-A28E-7E75D1E50FD6}"
EndProject
Project("{2150E333-8FDC-42A3-9474-1A3956D46DE8}") = "FWK", "FWK", "{D5063893-3D98-4503-85E2-0D299BAB0595}"
EndProject
Project("{2150E333-8FDC-42A3-9474-1A3956D46DE8}") = "COMMON", "COMMON", "{B5C4665D-9C98-4D24-AFC4-12063AD79BD4}"
EndProject
Project("{FAE04EC0-301F-11D3-BF4B-00C04F79EFBC}") = "HispaniaCommon.ViewClientWPF", "HispaniaCommon\HispaniaCommon.ViewClientWPF\HispaniaCommon.ViewClientWPF.csproj", "{167E2796-C7CC-4261-9E97-8E8DD780D1B9}"
EndProject
Project("{2150E333-8FDC-42A3-9474-1A3956D46DE8}") = "DATABASE", "DATABASE", "{7F2415FD-8A2F-4F14-914C-55F6946DB237}"
EndProject
Project("{FAE04EC0-301F-11D3-BF4B-00C04F79EFBC}") = "HispaniaCommon.ViewModel", "HispaniaCommon\HispaniaCommon.ViewModel\HispaniaCommon.ViewModel.csproj", "{F3502E57-25EA-4526-B2DE-E9981A5BCB9C}"
EndProject
Project("{FAE04EC0-301F-11D3-BF4B-00C04F79EFBC}") = "HispaniaComptabilitat", "HispaniaComptabilitat\HispaniaComptabilitat\HispaniaComptabilitat.csproj", "{308CFD8D-0F62-443E-A189-BA487D845B24}"
EndProject
Project("{FAE04EC0-301F-11D3-BF4B-00C04F79EFBC}") = "HispaniaComptabilitat.Data", "HispaniaComptabilitat\HispaniaComptabilitat.Data\HispaniaComptabilitat.Data.csproj", "{297372FF-BEAE-47EA-A324-0F5994AE1472}"
EndProject
Project("{FAE04EC0-301F-11D3-BF4B-00C04F79EFBC}") = "Framework", "MBCode_FWK\Framework\Framework.csproj", "{DEEAFBB4-B773-4E2D-AC6C-E081D927710F}"
EndProject
Project("{FAE04EC0-301F-11D3-BF4B-00C04F79EFBC}") = "Framework_Controls_WPF", "MBCode_FWK_WPF\Framework_Controles_WPF\Framework_Controls_WPF.csproj", "{14FFFA46-0391-4183-B71D-35F5E6B3C5D0}"
EndProject
Global
	GlobalSection(SolutionConfigurationPlatforms) = preSolution
		Debug|Any CPU = Debug|Any CPU
		Debug|x64 = Debug|x64
		Debug|x86 = Debug|x86
		Release|Any CPU = Release|Any CPU
		Release|x64 = Release|x64
		Release|x86 = Release|x86
	EndGlobalSection
	GlobalSection(ProjectConfigurationPlatforms) = postSolution
		{219BD4C4-DCDA-4760-A28E-7E75D1E50FD6}.Debug|Any CPU.ActiveCfg = Debug|Any CPU
		{219BD4C4-DCDA-4760-A28E-7E75D1E50FD6}.Debug|Any CPU.Build.0 = Debug|Any CPU
		{219BD4C4-DCDA-4760-A28E-7E75D1E50FD6}.Debug|x64.ActiveCfg = Debug|Any CPU
		{219BD4C4-DCDA-4760-A28E-7E75D1E50FD6}.Debug|x64.Build.0 = Debug|Any CPU
		{219BD4C4-DCDA-4760-A28E-7E75D1E50FD6}.Debug|x86.ActiveCfg = Debug|Any CPU
		{219BD4C4-DCDA-4760-A28E-7E75D1E50FD6}.Debug|x86.Build.0 = Debug|Any CPU
		{219BD4C4-DCDA-4760-A28E-7E75D1E50FD6}.Release|Any CPU.ActiveCfg = Release|Any CPU
		{219BD4C4-DCDA-4760-A28E-7E75D1E50FD6}.Release|Any CPU.Build.0 = Release|Any CPU
		{219BD4C4-DCDA-4760-A28E-7E75D1E50FD6}.Release|x64.ActiveCfg = Release|Any CPU
		{219BD4C4-DCDA-4760-A28E-7E75D1E50FD6}.Release|x64.Build.0 = Release|Any CPU
		{219BD4C4-DCDA-4760-A28E-7E75D1E50FD6}.Release|x86.ActiveCfg = Release|Any CPU
		{219BD4C4-DCDA-4760-A28E-7E75D1E50FD6}.Release|x86.Build.0 = Release|Any CPU
		{167E2796-C7CC-4261-9E97-8E8DD780D1B9}.Debug|Any CPU.ActiveCfg = Debug|Any CPU
		{167E2796-C7CC-4261-9E97-8E8DD780D1B9}.Debug|Any CPU.Build.0 = Debug|Any CPU
		{167E2796-C7CC-4261-9E97-8E8DD780D1B9}.Debug|x64.ActiveCfg = Debug|Any CPU
		{167E2796-C7CC-4261-9E97-8E8DD780D1B9}.Debug|x64.Build.0 = Debug|Any CPU
		{167E2796-C7CC-4261-9E97-8E8DD780D1B9}.Debug|x86.ActiveCfg = Debug|Any CPU
		{167E2796-C7CC-4261-9E97-8E8DD780D1B9}.Debug|x86.Build.0 = Debug|Any CPU
		{167E2796-C7CC-4261-9E97-8E8DD780D1B9}.Release|Any CPU.ActiveCfg = Release|Any CPU
		{167E2796-C7CC-4261-9E97-8E8DD780D1B9}.Release|Any CPU.Build.0 = Release|Any CPU
		{167E2796-C7CC-4261-9E97-8E8DD780D1B9}.Release|x64.ActiveCfg = Release|Any CPU
		{167E2796-C7CC-4261-9E97-8E8DD780D1B9}.Release|x64.Build.0 = Release|Any CPU
		{167E2796-C7CC-4261-9E97-8E8DD780D1B9}.Release|x86.ActiveCfg = Release|Any CPU
		{167E2796-C7CC-4261-9E97-8E8DD780D1B9}.Release|x86.Build.0 = Release|Any CPU
		{F3502E57-25EA-4526-B2DE-E9981A5BCB9C}.Debug|Any CPU.ActiveCfg = Debug|Any CPU
		{F3502E57-25EA-4526-B2DE-E9981A5BCB9C}.Debug|Any CPU.Build.0 = Debug|Any CPU
		{F3502E57-25EA-4526-B2DE-E9981A5BCB9C}.Debug|x64.ActiveCfg = Debug|Any CPU
		{F3502E57-25EA-4526-B2DE-E9981A5BCB9C}.Debug|x64.Build.0 = Debug|Any CPU
		{F3502E57-25EA-4526-B2DE-E9981A5BCB9C}.Debug|x86.ActiveCfg = Debug|Any CPU
		{F3502E57-25EA-4526-B2DE-E9981A5BCB9C}.Debug|x86.Build.0 = Debug|Any CPU
		{F3502E57-25EA-4526-B2DE-E9981A5BCB9C}.Release|Any CPU.ActiveCfg = Release|Any CPU
		{F3502E57-25EA-4526-B2DE-E9981A5BCB9C}.Release|Any CPU.Build.0 = Release|Any CPU
		{F3502E57-25EA-4526-B2DE-E9981A5BCB9C}.Release|x64.ActiveCfg = Release|Any CPU
		{F3502E57-25EA-4526-B2DE-E9981A5BCB9C}.Release|x64.Build.0 = Release|Any CPU
		{F3502E57-25EA-4526-B2DE-E9981A5BCB9C}.Release|x86.ActiveCfg = Release|Any CPU
		{F3502E57-25EA-4526-B2DE-E9981A5BCB9C}.Release|x86.Build.0 = Release|Any CPU
		{308CFD8D-0F62-443E-A189-BA487D845B24}.Debug|Any CPU.ActiveCfg = Debug|x64
		{308CFD8D-0F62-443E-A189-BA487D845B24}.Debug|Any CPU.Build.0 = Debug|x64
		{308CFD8D-0F62-443E-A189-BA487D845B24}.Debug|x64.ActiveCfg = Debug|x64
		{308CFD8D-0F62-443E-A189-BA487D845B24}.Debug|x64.Build.0 = Debug|x64
		{308CFD8D-0F62-443E-A189-BA487D845B24}.Debug|x86.ActiveCfg = Debug|x86
		{308CFD8D-0F62-443E-A189-BA487D845B24}.Debug|x86.Build.0 = Debug|x86
		{308CFD8D-0F62-443E-A189-BA487D845B24}.Release|Any CPU.ActiveCfg = Release|x64
		{308CFD8D-0F62-443E-A189-BA487D845B24}.Release|Any CPU.Build.0 = Release|x64
		{308CFD8D-0F62-443E-A189-BA487D845B24}.Release|x64.ActiveCfg = Release|x64
		{308CFD8D-0F62-443E-A189-BA487D845B24}.Release|x64.Build.0 = Release|x64
		{308CFD8D-0F62-443E-A189-BA487D845B24}.Release|x86.ActiveCfg = Release|x86
		{308CFD8D-0F62-443E-A189-BA487D845B24}.Release|x86.Build.0 = Release|x86
		{297372FF-BEAE-47EA-A324-0F5994AE1472}.Debug|Any CPU.ActiveCfg = Debug|Any CPU
		{297372FF-BEAE-47EA-A324-0F5994AE1472}.Debug|Any CPU.Build.0 = Debug|Any CPU
		{297372FF-BEAE-47EA-A324-0F5994AE1472}.Debug|x64.ActiveCfg = Debug|Any CPU
		{297372FF-BEAE-47EA-A324-0F5994AE1472}.Debug|x64.Build.0 = Debug|Any CPU
		{297372FF-BEAE-47EA-A324-0F5994AE1472}.Debug|x86.ActiveCfg = Debug|Any CPU
		{297372FF-BEAE-47EA-A324-0F5994AE1472}.Debug|x86.Build.0 = Debug|Any CPU
		{297372FF-BEAE-47EA-A324-0F5994AE1472}.Release|Any CPU.ActiveCfg = Release|Any CPU
		{297372FF-BEAE-47EA-A324-0F5994AE1472}.Release|Any CPU.Build.0 = Release|Any CPU
		{297372FF-BEAE-47EA-A324-0F5994AE1472}.Release|x64.ActiveCfg = Release|Any CPU
		{297372FF-BEAE-47EA-A324-0F5994AE1472}.Release|x64.Build.0 = Release|Any CPU
		{297372FF-BEAE-47EA-A324-0F5994AE1472}.Release|x86.ActiveCfg = Release|Any CPU
		{297372FF-BEAE-47EA-A324-0F5994AE1472}.Release|x86.Build.0 = Release|Any CPU
		{DEEAFBB4-B773-4E2D-AC6C-E081D927710F}.Debug|Any CPU.ActiveCfg = Debug|Any CPU
		{DEEAFBB4-B773-4E2D-AC6C-E081D927710F}.Debug|Any CPU.Build.0 = Debug|Any CPU
		{DEEAFBB4-B773-4E2D-AC6C-E081D927710F}.Debug|x64.ActiveCfg = Debug|Any CPU
		{DEEAFBB4-B773-4E2D-AC6C-E081D927710F}.Debug|x64.Build.0 = Debug|Any CPU
		{DEEAFBB4-B773-4E2D-AC6C-E081D927710F}.Debug|x86.ActiveCfg = Debug|Any CPU
		{DEEAFBB4-B773-4E2D-AC6C-E081D927710F}.Debug|x86.Build.0 = Debug|Any CPU
		{DEEAFBB4-B773-4E2D-AC6C-E081D927710F}.Release|Any CPU.ActiveCfg = Release|Any CPU
		{DEEAFBB4-B773-4E2D-AC6C-E081D927710F}.Release|Any CPU.Build.0 = Release|Any CPU
		{DEEAFBB4-B773-4E2D-AC6C-E081D927710F}.Release|x64.ActiveCfg = Release|Any CPU
		{DEEAFBB4-B773-4E2D-AC6C-E081D927710F}.Release|x64.Build.0 = Release|Any CPU
		{DEEAFBB4-B773-4E2D-AC6C-E081D927710F}.Release|x86.ActiveCfg = Release|Any CPU
		{DEEAFBB4-B773-4E2D-AC6C-E081D927710F}.Release|x86.Build.0 = Release|Any CPU
		{14FFFA46-0391-4183-B71D-35F5E6B3C5D0}.Debug|Any CPU.ActiveCfg = Debug|Any CPU
		{14FFFA46-0391-4183-B71D-35F5E6B3C5D0}.Debug|Any CPU.Build.0 = Debug|Any CPU
		{14FFFA46-0391-4183-B71D-35F5E6B3C5D0}.Debug|x64.ActiveCfg = Debug|Any CPU
		{14FFFA46-0391-4183-B71D-35F5E6B3C5D0}.Debug|x64.Build.0 = Debug|Any CPU
		{14FFFA46-0391-4183-B71D-35F5E6B3C5D0}.Debug|x86.ActiveCfg = Debug|Any CPU
		{14FFFA46-0391-4183-B71D-35F5E6B3C5D0}.Debug|x86.Build.0 = Debug|Any CPU
		{14FFFA46-0391-4183-B71D-35F5E6B3C5D0}.Release|Any CPU.ActiveCfg = Release|Any CPU
		{14FFFA46-0391-4183-B71D-35F5E6B3C5D0}.Release|Any CPU.Build.0 = Release|Any CPU
		{14FFFA46-0391-4183-B71D-35F5E6B3C5D0}.Release|x64.ActiveCfg = Release|Any CPU
		{14FFFA46-0391-4183-B71D-35F5E6B3C5D0}.Release|x64.Build.0 = Release|Any CPU
		{14FFFA46-0391-4183-B71D-35F5E6B3C5D0}.Release|x86.ActiveCfg = Release|Any CPU
		{14FFFA46-0391-4183-B71D-35F5E6B3C5D0}.Release|x86.Build.0 = Release|Any CPU
	EndGlobalSection
	GlobalSection(SolutionProperties) = preSolution
		HideSolutionNode = FALSE
	EndGlobalSection
	GlobalSection(NestedProjects) = preSolution
		{219BD4C4-DCDA-4760-A28E-7E75D1E50FD6} = {B5C4665D-9C98-4D24-AFC4-12063AD79BD4}
		{167E2796-C7CC-4261-9E97-8E8DD780D1B9} = {B5C4665D-9C98-4D24-AFC4-12063AD79BD4}
		{F3502E57-25EA-4526-B2DE-E9981A5BCB9C} = {B5C4665D-9C98-4D24-AFC4-12063AD79BD4}
		{297372FF-BEAE-47EA-A324-0F5994AE1472} = {7F2415FD-8A2F-4F14-914C-55F6946DB237}
		{DEEAFBB4-B773-4E2D-AC6C-E081D927710F} = {D5063893-3D98-4503-85E2-0D299BAB0595}
		{14FFFA46-0391-4183-B71D-35F5E6B3C5D0} = {D5063893-3D98-4503-85E2-0D299BAB0595}
	EndGlobalSection
	GlobalSection(ExtensibilityGlobals) = postSolution
		SolutionGuid = {2C6D1A9E-8D0D-4393-9904-913F5FCBC55F}
	EndGlobalSection
EndGlobal
