
Microsoft Visual Studio Solution File, Format Version 12.00
# Visual Studio 2013
VisualStudioVersion = 12.0.40629.0
MinimumVisualStudioVersion = 10.0.40219.1
Project("{FAE04EC0-301F-11D3-BF4B-00C04F79EFBC}") = "Framework_DataBase_DDLInternal", "Framework_DataBase_BasicAccess\Framework_DataBase_DDLInternal\Framework_DataBase_DDLInternal.csproj", "{EF410F14-41CA-44FB-A2B5-2FC19DD6AE23}"
EndProject
Project("{FAE04EC0-301F-11D3-BF4B-00C04F79EFBC}") = "Framework_DataBase_DDL", "Framework_DataBase_BasicAccess\Framework_DataBase_DDL\Framework_DataBase_DDL.csproj", "{6F0DD832-5C4F-41AD-9BB1-17E4D31B5BBD}"
EndProject
Project("{FAE04EC0-301F-11D3-BF4B-00C04F79EFBC}") = "Framework", "Framework\Framework.csproj", "{DEEAFBB4-B773-4E2D-AC6C-E081D927710F}"
EndProject
Project("{FAE04EC0-301F-11D3-BF4B-00C04F79EFBC}") = "Framework_DataBase", "Framework_DataBase\Framework_DataBase.csproj", "{A79F13B4-970A-493C-A097-63AA20BBA073}"
EndProject
Project("{FAE04EC0-301F-11D3-BF4B-00C04F79EFBC}") = "Framework_DataBase_DAL", "Framework_DataBase_BasicAccess\Framework_DataBase_DAL\Framework_DataBase_DAL.csproj", "{96594268-09EB-49C3-9CB9-F64073004144}"
EndProject
Project("{FAE04EC0-301F-11D3-BF4B-00C04F79EFBC}") = "Framework_DataBase_ProxyDAL", "Framework_DataBase_BasicAccess\Framework_DataBase_ProxyDAL\Framework_DataBase_ProxyDAL.csproj", "{C2CE5201-CD0B-426C-9941-A27237813EC2}"
EndProject
Global
	GlobalSection(SolutionConfigurationPlatforms) = preSolution
		Debug|Any CPU = Debug|Any CPU
		Release|Any CPU = Release|Any CPU
	EndGlobalSection
	GlobalSection(ProjectConfigurationPlatforms) = postSolution
		{EF410F14-41CA-44FB-A2B5-2FC19DD6AE23}.Debug|Any CPU.ActiveCfg = Debug|Any CPU
		{EF410F14-41CA-44FB-A2B5-2FC19DD6AE23}.Debug|Any CPU.Build.0 = Debug|Any CPU
		{EF410F14-41CA-44FB-A2B5-2FC19DD6AE23}.Release|Any CPU.ActiveCfg = Release|Any CPU
		{EF410F14-41CA-44FB-A2B5-2FC19DD6AE23}.Release|Any CPU.Build.0 = Release|Any CPU
		{6F0DD832-5C4F-41AD-9BB1-17E4D31B5BBD}.Debug|Any CPU.ActiveCfg = Debug|Any CPU
		{6F0DD832-5C4F-41AD-9BB1-17E4D31B5BBD}.Debug|Any CPU.Build.0 = Debug|Any CPU
		{6F0DD832-5C4F-41AD-9BB1-17E4D31B5BBD}.Release|Any CPU.ActiveCfg = Release|Any CPU
		{6F0DD832-5C4F-41AD-9BB1-17E4D31B5BBD}.Release|Any CPU.Build.0 = Release|Any CPU
		{DEEAFBB4-B773-4E2D-AC6C-E081D927710F}.Debug|Any CPU.ActiveCfg = Debug|Any CPU
		{DEEAFBB4-B773-4E2D-AC6C-E081D927710F}.Debug|Any CPU.Build.0 = Debug|Any CPU
		{DEEAFBB4-B773-4E2D-AC6C-E081D927710F}.Release|Any CPU.ActiveCfg = Release|Any CPU
		{DEEAFBB4-B773-4E2D-AC6C-E081D927710F}.Release|Any CPU.Build.0 = Release|Any CPU
		{A79F13B4-970A-493C-A097-63AA20BBA073}.Debug|Any CPU.ActiveCfg = Debug|Any CPU
		{A79F13B4-970A-493C-A097-63AA20BBA073}.Debug|Any CPU.Build.0 = Debug|Any CPU
		{A79F13B4-970A-493C-A097-63AA20BBA073}.Release|Any CPU.ActiveCfg = Release|Any CPU
		{A79F13B4-970A-493C-A097-63AA20BBA073}.Release|Any CPU.Build.0 = Release|Any CPU
		{96594268-09EB-49C3-9CB9-F64073004144}.Debug|Any CPU.ActiveCfg = Debug|Any CPU
		{96594268-09EB-49C3-9CB9-F64073004144}.Debug|Any CPU.Build.0 = Debug|Any CPU
		{96594268-09EB-49C3-9CB9-F64073004144}.Release|Any CPU.ActiveCfg = Release|Any CPU
		{96594268-09EB-49C3-9CB9-F64073004144}.Release|Any CPU.Build.0 = Release|Any CPU
		{C2CE5201-CD0B-426C-9941-A27237813EC2}.Debug|Any CPU.ActiveCfg = Debug|Any CPU
		{C2CE5201-CD0B-426C-9941-A27237813EC2}.Debug|Any CPU.Build.0 = Debug|Any CPU
		{C2CE5201-CD0B-426C-9941-A27237813EC2}.Release|Any CPU.ActiveCfg = Release|Any CPU
		{C2CE5201-CD0B-426C-9941-A27237813EC2}.Release|Any CPU.Build.0 = Release|Any CPU
	EndGlobalSection
	GlobalSection(SolutionProperties) = preSolution
		HideSolutionNode = FALSE
	EndGlobalSection
	GlobalSection(TestCaseManagementSettings) = postSolution
		CategoryFile = HispaniaDDLInternal.vsmdi
	EndGlobalSection
EndGlobal
